# This file is autogenerated, do not edit; changes may be undone by the next 'dep ensure'.


[[projects]]
  branch = "master"
  digest = "1:4db2738e3625ff5b5752fd48e2e48f5b008790a7ac5d68b7663f380d2d5c4b39"
  name = "github.com/jasonlvhit/gocron"
  packages = ["."]
  pruneopts = "UT"
  revision = "6771d4b492ba2d5f57919c04b4cddb3735365120"
  source = "github.com/jasonlvhit/gocron"

[solve-meta]
  analyzer-name = "dep"
  analyzer-version = 1
  input-imports = ["github.com/jasonlvhit/gocron"]
  solver-name = "gps-cdcl"
  solver-version = 1
